[[package]]
name = "fpdf"
version = "1.7.2"
description = "Simple PDF generation for Python"
category = "main"
optional = false
python-versions = "*"

[[package]]
name = "git42"
version = "2021.1.31"
description = "git init, add, commit and push with one command"
category = "main"
optional = false
python-versions = "*"

[metadata]
lock-version = "1.1"
python-versions = "^3.8"
content-hash = "a772181e24a0db039be55b6223739601f05344adb5b80648788d92aff140d60e"

[metadata.files]
fpdf = [
    {file = "fpdf-1.7.2.tar.gz", hash = "sha256:125840783289e7d12552b1e86ab692c37322e7a65b96a99e0ea86cca041b6779"},
    {file = "fpdf-1.7.2.win-amd64.exe", hash = "sha256:9542f6ad0791d673955da954a0cf3554a0affac79deab87bee06b9b4d4e60990"},
    {file = "fpdf-1.7.2.win32.exe", hash = "sha256:0a94eb783ee933e32a44ad949a1aa6c3ca6fb35b608db53f8b216aec52fc1fb5"},
]
git42 = [
    {file = "git42-2021.1.31.tar.gz", hash = "sha256:fbd9a2e6be1dc669e3d9816eaa8b685aaa4e6bb0ddbceffc17790ac629865753"},
]
